<?xml version="1.0" encoding="UTF-8" standalone="yes" ?>
<CodeBlocks_project_file>
	<FileVersion major="1" minor="6" />
	<Project>
		<Option title="PTorrent" />
		<Option pch_mode="2" />
		<Option compiler="gcc" />
		<Build>
			<Target title="Debug">
				<Option output="bin/Debug/PTorrent" prefix_auto="1" extension_auto="1" />
				<Option object_output="obj/Debug/" />
				<Option type="1" />
				<Option compiler="gcc" />
				<Compiler>
					<Add option="-g" />
				</Compiler>
			</Target>
			<Target title="Release">
				<Option output="bin/Release/PTorrent" prefix_auto="1" extension_auto="1" />
				<Option object_output="obj/Release/" />
				<Option type="1" />
				<Option compiler="gcc" />
				<Compiler>
					<Add option="-O2" />
				</Compiler>
				<Linker>
					<Add option="-s" />
				</Linker>
			</Target>
		</Build>
		<Compiler>
			<Add option="-Wall" />
			<Add option="-fexceptions" />
		</Compiler>
		<Unit filename="include/BDictionary.h" />
		<Unit filename="include/BInt.h" />
		<Unit filename="include/BList.h" />
		<Unit filename="include/BObject.h" />
		<Unit filename="include/BString.h" />
		<Unit filename="include/FileInfo.h" />
		<Unit filename="include/TorrentMetaData.h" />
		<Unit filename="main.cpp" />
		<Unit filename="src/BDictionary.cpp" />
		<Unit filename="src/BInt.cpp" />
		<Unit filename="src/BList.cpp" />
		<Unit filename="src/BObject.cpp" />
		<Unit filename="src/BString.cpp" />
		<Unit filename="src/FileInfo.cpp" />
		<Unit filename="src/TorrentMetaData.cpp" />
		<Extensions>
			<code_completion />
			<envvars />
			<debugger />
			<lib_finder disable_auto="1" />
		</Extensions>
	</Project>
</CodeBlocks_project_file>
